
Microsoft Visual Studio Solution File, Format Version 12.00
# Visual Studio 15
VisualStudioVersion = 15.0.26730.12
MinimumVisualStudioVersion = 10.0.40219.1
Project("{FAE04EC0-301F-11D3-BF4B-00C04F79EFBC}") = "InventoryTracker", "InventoryTracker\InventoryTracker.csproj", "{726F6B88-89FA-489F-BFED-BD53E3C48BF0}"
EndProject
Project("{FAE04EC0-301F-11D3-BF4B-00C04F79EFBC}") = "InventoryTracker.Tests", "InventoryTracker.Tests\InventoryTracker.Tests.csproj", "{179BD3B7-839D-4438-938B-F05B556D3F9E}"
EndProject
Global
	GlobalSection(SolutionConfigurationPlatforms) = preSolution
		Debug|Any CPU = Debug|Any CPU
		Release|Any CPU = Release|Any CPU
	EndGlobalSection
	GlobalSection(ProjectConfigurationPlatforms) = postSolution
		{726F6B88-89FA-489F-BFED-BD53E3C48BF0}.Debug|Any CPU.ActiveCfg = Debug|Any CPU
		{726F6B88-89FA-489F-BFED-BD53E3C48BF0}.Debug|Any CPU.Build.0 = Debug|Any CPU
		{726F6B88-89FA-489F-BFED-BD53E3C48BF0}.Release|Any CPU.ActiveCfg = Release|Any CPU
		{726F6B88-89FA-489F-BFED-BD53E3C48BF0}.Release|Any CPU.Build.0 = Release|Any CPU
		{179BD3B7-839D-4438-938B-F05B556D3F9E}.Debug|Any CPU.ActiveCfg = Debug|Any CPU
		{179BD3B7-839D-4438-938B-F05B556D3F9E}.Debug|Any CPU.Build.0 = Debug|Any CPU
		{179BD3B7-839D-4438-938B-F05B556D3F9E}.Release|Any CPU.ActiveCfg = Release|Any CPU
		{179BD3B7-839D-4438-938B-F05B556D3F9E}.Release|Any CPU.Build.0 = Release|Any CPU
	EndGlobalSection
	GlobalSection(SolutionProperties) = preSolution
		HideSolutionNode = FALSE
	EndGlobalSection
	GlobalSection(ExtensibilityGlobals) = postSolution
		SolutionGuid = {BAFE2AA7-E80B-48E5-95AB-4E1C48EE7DD7}
	EndGlobalSection
EndGlobal
